
Microsoft Visual Studio Solution File, Format Version 12.00
# Visual Studio 15
VisualStudioVersion = 15.0.28307.960
MinimumVisualStudioVersion = 10.0.40219.1
Project("{FAE04EC0-301F-11D3-BF4B-00C04F79EFBC}") = "AppDatosAbiertos", "AppDatosAbiertos\AppDatosAbiertos.csproj", "{62457FB3-A7DD-4BF5-85B2-5E65D48054F9}"
EndProject
Global
	GlobalSection(SolutionConfigurationPlatforms) = preSolution
		Debug|Any CPU = Debug|Any CPU
		Release|Any CPU = Release|Any CPU
	EndGlobalSection
	GlobalSection(ProjectConfigurationPlatforms) = postSolution
		{62457FB3-A7DD-4BF5-85B2-5E65D48054F9}.Debug|Any CPU.ActiveCfg = Debug|Any CPU
		{62457FB3-A7DD-4BF5-85B2-5E65D48054F9}.Debug|Any CPU.Build.0 = Debug|Any CPU
		{62457FB3-A7DD-4BF5-85B2-5E65D48054F9}.Release|Any CPU.ActiveCfg = Release|Any CPU
		{62457FB3-A7DD-4BF5-85B2-5E65D48054F9}.Release|Any CPU.Build.0 = Release|Any CPU
	EndGlobalSection
	GlobalSection(SolutionProperties) = preSolution
		HideSolutionNode = FALSE
	EndGlobalSection
	GlobalSection(ExtensibilityGlobals) = postSolution
		SolutionGuid = {9291E8D0-8D6E-4D57-BE3E-300E7AF8272F}
	EndGlobalSection
EndGlobal
